// !$*UTF8*$!
{
	archiveVersion = 1;
	classes = {
	};
	objectVersion = 50;
	objects = {

/* Begin PBXBuildFile section */
		743036162613D459005C3B20 /* AnimalListItemView.swift in Sources */ = {isa = PBXBuildFile; fileRef = 743036152613D459005C3B20 /* AnimalListItemView.swift */; };
		743036192613D5C5005C3B20 /* AnimalModel.swift in Sources */ = {isa = PBXBuildFile; fileRef = 743036182613D5C5005C3B20 /* AnimalModel.swift */; };
		7430361C2613D8E4005C3B20 /* AnimalDetailView.swift in Sources */ = {isa = PBXBuildFile; fileRef = 7430361B2613D8E4005C3B20 /* AnimalDetailView.swift */; };
		7430361F2613DADB005C3B20 /* HeadingView.swift in Sources */ = {isa = PBXBuildFile; fileRef = 7430361E2613DADB005C3B20 /* HeadingView.swift */; };
		743036222613DBF1005C3B20 /* InsetGalleryView.swift in Sources */ = {isa = PBXBuildFile; fileRef = 743036212613DBF1005C3B20 /* InsetGalleryView.swift */; };
		7465C183260CA76E007BD5C0 /* Project_AfricaApp.swift in Sources */ = {isa = PBXBuildFile; fileRef = 7465C182260CA76E007BD5C0 /* Project_AfricaApp.swift */; };
		7465C185260CA76E007BD5C0 /* ContentView.swift in Sources */ = {isa = PBXBuildFile; fileRef = 7465C184260CA76E007BD5C0 /* ContentView.swift */; };
		7465C187260CA770007BD5C0 /* Assets.xcassets in Resources */ = {isa = PBXBuildFile; fileRef = 7465C186260CA770007BD5C0 /* Assets.xcassets */; };
		7465C18A260CA770007BD5C0 /* Preview Assets.xcassets in Resources */ = {isa = PBXBuildFile; fileRef = 7465C189260CA770007BD5C0 /* Preview Assets.xcassets */; };
		7465C19D260CAABD007BD5C0 /* gorilla.mp4 in Resources */ = {isa = PBXBuildFile; fileRef = 7465C193260CAAB8007BD5C0 /* gorilla.mp4 */; };
		7465C19E260CAABD007BD5C0 /* rhino.mp4 in Resources */ = {isa = PBXBuildFile; fileRef = 7465C194260CAAB8007BD5C0 /* rhino.mp4 */; };
		7465C19F260CAABD007BD5C0 /* elephant.mp4 in Resources */ = {isa = PBXBuildFile; fileRef = 7465C195260CAAB9007BD5C0 /* elephant.mp4 */; };
		7465C1A0260CAABD007BD5C0 /* lion.mp4 in Resources */ = {isa = PBXBuildFile; fileRef = 7465C196260CAAB9007BD5C0 /* lion.mp4 */; };
		7465C1A1260CAABD007BD5C0 /* cheetah.mp4 in Resources */ = {isa = PBXBuildFile; fileRef = 7465C197260CAABA007BD5C0 /* cheetah.mp4 */; };
		7465C1A2260CAABD007BD5C0 /* hippo.mp4 in Resources */ = {isa = PBXBuildFile; fileRef = 7465C198260CAABA007BD5C0 /* hippo.mp4 */; };
		7465C1A3260CAABD007BD5C0 /* giraffe.mp4 in Resources */ = {isa = PBXBuildFile; fileRef = 7465C199260CAABB007BD5C0 /* giraffe.mp4 */; };
		7465C1A4260CAABD007BD5C0 /* lioness.mp4 in Resources */ = {isa = PBXBuildFile; fileRef = 7465C19A260CAABC007BD5C0 /* lioness.mp4 */; };
		7465C1A5260CAABD007BD5C0 /* ostrich.mp4 in Resources */ = {isa = PBXBuildFile; fileRef = 7465C19B260CAABD007BD5C0 /* ostrich.mp4 */; };
		7465C1A6260CAABD007BD5C0 /* zebra.mp4 in Resources */ = {isa = PBXBuildFile; fileRef = 7465C19C260CAABD007BD5C0 /* zebra.mp4 */; };
		7465C1AD260CAB01007BD5C0 /* covers.json in Resources */ = {isa = PBXBuildFile; fileRef = 7465C1A9260CAB01007BD5C0 /* covers.json */; };
		7465C1AE260CAB01007BD5C0 /* videos.json in Resources */ = {isa = PBXBuildFile; fileRef = 7465C1AA260CAB01007BD5C0 /* videos.json */; };
		7465C1AF260CAB01007BD5C0 /* animals.json in Resources */ = {isa = PBXBuildFile; fileRef = 7465C1AB260CAB01007BD5C0 /* animals.json */; };
		7465C1B0260CAB01007BD5C0 /* locations.json in Resources */ = {isa = PBXBuildFile; fileRef = 7465C1AC260CAB01007BD5C0 /* locations.json */; };
		7465C1B5260CAF0A007BD5C0 /* VideoListView.swift in Sources */ = {isa = PBXBuildFile; fileRef = 7465C1B4260CAF0A007BD5C0 /* VideoListView.swift */; };
		7465C1B8260CAF25007BD5C0 /* MapView.swift in Sources */ = {isa = PBXBuildFile; fileRef = 7465C1B7260CAF25007BD5C0 /* MapView.swift */; };
		7465C1BB260CAF37007BD5C0 /* GalleryView.swift in Sources */ = {isa = PBXBuildFile; fileRef = 7465C1BA260CAF37007BD5C0 /* GalleryView.swift */; };
		7465C1BE260CAF4C007BD5C0 /* MainView.swift in Sources */ = {isa = PBXBuildFile; fileRef = 7465C1BD260CAF4C007BD5C0 /* MainView.swift */; };
		7465C1C3260CB5B3007BD5C0 /* CoverImageView.swift in Sources */ = {isa = PBXBuildFile; fileRef = 7465C1C2260CB5B3007BD5C0 /* CoverImageView.swift */; };
		7465C1C7260CBC99007BD5C0 /* CoverImageModel.swift in Sources */ = {isa = PBXBuildFile; fileRef = 7465C1C6260CBC99007BD5C0 /* CoverImageModel.swift */; };
		746630FD260DAE5B0029BFF7 /* CodableBundleExtension.swift in Sources */ = {isa = PBXBuildFile; fileRef = 746630FC260DAE5B0029BFF7 /* CodableBundleExtension.swift */; };
/* End PBXBuildFile section */

/* Begin PBXFileReference section */
		743036152613D459005C3B20 /* AnimalListItemView.swift */ = {isa = PBXFileReference; lastKnownFileType = sourcecode.swift; path = AnimalListItemView.swift; sourceTree = "<group>"; };
		743036182613D5C5005C3B20 /* AnimalModel.swift */ = {isa = PBXFileReference; lastKnownFileType = sourcecode.swift; path = AnimalModel.swift; sourceTree = "<group>"; };
		7430361B2613D8E4005C3B20 /* AnimalDetailView.swift */ = {isa = PBXFileReference; lastKnownFileType = sourcecode.swift; path = AnimalDetailView.swift; sourceTree = "<group>"; };
		7430361E2613DADB005C3B20 /* HeadingView.swift */ = {isa = PBXFileReference; lastKnownFileType = sourcecode.swift; path = HeadingView.swift; sourceTree = "<group>"; };
		743036212613DBF1005C3B20 /* InsetGalleryView.swift */ = {isa = PBXFileReference; lastKnownFileType = sourcecode.swift; path = InsetGalleryView.swift; sourceTree = "<group>"; };
		7465C17F260CA76E007BD5C0 /* Project Africa.app */ = {isa = PBXFileReference; explicitFileType = wrapper.application; includeInIndex = 0; path = "Project Africa.app"; sourceTree = BUILT_PRODUCTS_DIR; };
		7465C182260CA76E007BD5C0 /* Project_AfricaApp.swift */ = {isa = PBXFileReference; lastKnownFileType = sourcecode.swift; path = Project_AfricaApp.swift; sourceTree = "<group>"; };
		7465C184260CA76E007BD5C0 /* ContentView.swift */ = {isa = PBXFileReference; lastKnownFileType = sourcecode.swift; path = ContentView.swift; sourceTree = "<group>"; };
		7465C186260CA770007BD5C0 /* Assets.xcassets */ = {isa = PBXFileReference; lastKnownFileType = folder.assetcatalog; path = Assets.xcassets; sourceTree = "<group>"; };
		7465C189260CA770007BD5C0 /* Preview Assets.xcassets */ = {isa = PBXFileReference; lastKnownFileType = folder.assetcatalog; path = "Preview Assets.xcassets"; sourceTree = "<group>"; };
		7465C18B260CA770007BD5C0 /* Info.plist */ = {isa = PBXFileReference; lastKnownFileType = text.plist.xml; path = Info.plist; sourceTree = "<group>"; };
		7465C193260CAAB8007BD5C0 /* gorilla.mp4 */ = {isa = PBXFileReference; lastKnownFileType = file; path = gorilla.mp4; sourceTree = "<group>"; };
		7465C194260CAAB8007BD5C0 /* rhino.mp4 */ = {isa = PBXFileReference; lastKnownFileType = file; path = rhino.mp4; sourceTree = "<group>"; };
		7465C195260CAAB9007BD5C0 /* elephant.mp4 */ = {isa = PBXFileReference; lastKnownFileType = file; path = elephant.mp4; sourceTree = "<group>"; };
		7465C196260CAAB9007BD5C0 /* lion.mp4 */ = {isa = PBXFileReference; lastKnownFileType = file; path = lion.mp4; sourceTree = "<group>"; };
		7465C197260CAABA007BD5C0 /* cheetah.mp4 */ = {isa = PBXFileReference; lastKnownFileType = file; path = cheetah.mp4; sourceTree = "<group>"; };
		7465C198260CAABA007BD5C0 /* hippo.mp4 */ = {isa = PBXFileReference; lastKnownFileType = file; path = hippo.mp4; sourceTree = "<group>"; };
		7465C199260CAABB007BD5C0 /* giraffe.mp4 */ = {isa = PBXFileReference; lastKnownFileType = file; path = giraffe.mp4; sourceTree = "<group>"; };
		7465C19A260CAABC007BD5C0 /* lioness.mp4 */ = {isa = PBXFileReference; lastKnownFileType = file; path = lioness.mp4; sourceTree = "<group>"; };
		7465C19B260CAABD007BD5C0 /* ostrich.mp4 */ = {isa = PBXFileReference; lastKnownFileType = file; path = ostrich.mp4; sourceTree = "<group>"; };
		7465C19C260CAABD007BD5C0 /* zebra.mp4 */ = {isa = PBXFileReference; lastKnownFileType = file; path = zebra.mp4; sourceTree = "<group>"; };
		7465C1A9260CAB01007BD5C0 /* covers.json */ = {isa = PBXFileReference; fileEncoding = 4; lastKnownFileType = text.json; path = covers.json; sourceTree = "<group>"; };
		7465C1AA260CAB01007BD5C0 /* videos.json */ = {isa = PBXFileReference; fileEncoding = 4; lastKnownFileType = text.json; path = videos.json; sourceTree = "<group>"; };
		7465C1AB260CAB01007BD5C0 /* animals.json */ = {isa = PBXFileReference; fileEncoding = 4; lastKnownFileType = text.json; path = animals.json; sourceTree = "<group>"; };
		7465C1AC260CAB01007BD5C0 /* locations.json */ = {isa = PBXFileReference; fileEncoding = 4; lastKnownFileType = text.json; path = locations.json; sourceTree = "<group>"; };
		7465C1B4260CAF0A007BD5C0 /* VideoListView.swift */ = {isa = PBXFileReference; lastKnownFileType = sourcecode.swift; path = VideoListView.swift; sourceTree = "<group>"; };
		7465C1B7260CAF25007BD5C0 /* MapView.swift */ = {isa = PBXFileReference; lastKnownFileType = sourcecode.swift; path = MapView.swift; sourceTree = "<group>"; };
		7465C1BA260CAF37007BD5C0 /* GalleryView.swift */ = {isa = PBXFileReference; lastKnownFileType = sourcecode.swift; path = GalleryView.swift; sourceTree = "<group>"; };
		7465C1BD260CAF4C007BD5C0 /* MainView.swift */ = {isa = PBXFileReference; lastKnownFileType = sourcecode.swift; path = MainView.swift; sourceTree = "<group>"; };
		7465C1C2260CB5B3007BD5C0 /* CoverImageView.swift */ = {isa = PBXFileReference; lastKnownFileType = sourcecode.swift; path = CoverImageView.swift; sourceTree = "<group>"; };
		7465C1C6260CBC99007BD5C0 /* CoverImageModel.swift */ = {isa = PBXFileReference; lastKnownFileType = sourcecode.swift; path = CoverImageModel.swift; sourceTree = "<group>"; };
		746630FC260DAE5B0029BFF7 /* CodableBundleExtension.swift */ = {isa = PBXFileReference; lastKnownFileType = sourcecode.swift; path = CodableBundleExtension.swift; sourceTree = "<group>"; };
/* End PBXFileReference section */

/* Begin PBXFrameworksBuildPhase section */
		7465C17C260CA76E007BD5C0 /* Frameworks */ = {
			isa = PBXFrameworksBuildPhase;
			buildActionMask = 2147483647;
			files = (
			);
			runOnlyForDeploymentPostprocessing = 0;
		};
/* End PBXFrameworksBuildPhase section */

/* Begin PBXGroup section */
		7417FDB8260CBE3600054072 /* Extension */ = {
			isa = PBXGroup;
			children = (
				746630FC260DAE5B0029BFF7 /* CodableBundleExtension.swift */,
			);
			path = Extension;
			sourceTree = "<group>";
		};
		7465C176260CA76E007BD5C0 = {
			isa = PBXGroup;
			children = (
				7465C181260CA76E007BD5C0 /* Project Africa */,
				7465C180260CA76E007BD5C0 /* Products */,
			);
			sourceTree = "<group>";
		};
		7465C180260CA76E007BD5C0 /* Products */ = {
			isa = PBXGroup;
			children = (
				7465C17F260CA76E007BD5C0 /* Project Africa.app */,
			);
			name = Products;
			sourceTree = "<group>";
		};
		7465C181260CA76E007BD5C0 /* Project Africa */ = {
			isa = PBXGroup;
			children = (
				7417FDB8260CBE3600054072 /* Extension */,
				7465C1C5260CBC86007BD5C0 /* Model */,
				7465C1C0260CB47F007BD5C0 /* View */,
				7465C1A8260CAADC007BD5C0 /* Data */,
				7465C192260CAA8A007BD5C0 /* Video */,
				7465C1B2260CAEC5007BD5C0 /* App */,
				7465C186260CA770007BD5C0 /* Assets.xcassets */,
				7465C18B260CA770007BD5C0 /* Info.plist */,
				7465C188260CA770007BD5C0 /* Preview Content */,
			);
			path = "Project Africa";
			sourceTree = "<group>";
		};
		7465C188260CA770007BD5C0 /* Preview Content */ = {
			isa = PBXGroup;
			children = (
				7465C189260CA770007BD5C0 /* Preview Assets.xcassets */,
			);
			path = "Preview Content";
			sourceTree = "<group>";
		};
		7465C192260CAA8A007BD5C0 /* Video */ = {
			isa = PBXGroup;
			children = (
				7465C197260CAABA007BD5C0 /* cheetah.mp4 */,
				7465C195260CAAB9007BD5C0 /* elephant.mp4 */,
				7465C199260CAABB007BD5C0 /* giraffe.mp4 */,
				7465C193260CAAB8007BD5C0 /* gorilla.mp4 */,
				7465C198260CAABA007BD5C0 /* hippo.mp4 */,
				7465C196260CAAB9007BD5C0 /* lion.mp4 */,
				7465C19A260CAABC007BD5C0 /* lioness.mp4 */,
				7465C19B260CAABD007BD5C0 /* ostrich.mp4 */,
				7465C194260CAAB8007BD5C0 /* rhino.mp4 */,
				7465C19C260CAABD007BD5C0 /* zebra.mp4 */,
			);
			path = Video;
			sourceTree = "<group>";
		};
		7465C1A8260CAADC007BD5C0 /* Data */ = {
			isa = PBXGroup;
			children = (
				7465C1AB260CAB01007BD5C0 /* animals.json */,
				7465C1A9260CAB01007BD5C0 /* covers.json */,
				7465C1AC260CAB01007BD5C0 /* locations.json */,
				7465C1AA260CAB01007BD5C0 /* videos.json */,
			);
			path = Data;
			sourceTree = "<group>";
		};
		7465C1B2260CAEC5007BD5C0 /* App */ = {
			isa = PBXGroup;
			children = (
				7465C182260CA76E007BD5C0 /* Project_AfricaApp.swift */,
				7465C184260CA76E007BD5C0 /* ContentView.swift */,
				7465C1B4260CAF0A007BD5C0 /* VideoListView.swift */,
				7465C1B7260CAF25007BD5C0 /* MapView.swift */,
				7465C1BA260CAF37007BD5C0 /* GalleryView.swift */,
				7465C1BD260CAF4C007BD5C0 /* MainView.swift */,
			);
			path = App;
			sourceTree = "<group>";
		};
		7465C1C0260CB47F007BD5C0 /* View */ = {
			isa = PBXGroup;
			children = (
				7465C1C2260CB5B3007BD5C0 /* CoverImageView.swift */,
				743036152613D459005C3B20 /* AnimalListItemView.swift */,
				7430361B2613D8E4005C3B20 /* AnimalDetailView.swift */,
				7430361E2613DADB005C3B20 /* HeadingView.swift */,
				743036212613DBF1005C3B20 /* InsetGalleryView.swift */,
			);
			path = View;
			sourceTree = "<group>";
		};
		7465C1C5260CBC86007BD5C0 /* Model */ = {
			isa = PBXGroup;
			children = (
				7465C1C6260CBC99007BD5C0 /* CoverImageModel.swift */,
				743036182613D5C5005C3B20 /* AnimalModel.swift */,
			);
			path = Model;
			sourceTree = "<group>";
		};
/* End PBXGroup section */

/* Begin PBXNativeTarget section */
		7465C17E260CA76E007BD5C0 /* Project Africa */ = {
			isa = PBXNativeTarget;
			buildConfigurationList = 7465C18E260CA770007BD5C0 /* Build configuration list for PBXNativeTarget "Project Africa" */;
			buildPhases = (
				7465C17B260CA76E007BD5C0 /* Sources */,
				7465C17C260CA76E007BD5C0 /* Frameworks */,
				7465C17D260CA76E007BD5C0 /* Resources */,
			);
			buildRules = (
			);
			dependencies = (
			);
			name = "Project Africa";
			productName = "Project Africa";
			productReference = 7465C17F260CA76E007BD5C0 /* Project Africa.app */;
			productType = "com.apple.product-type.application";
		};
/* End PBXNativeTarget section */

/* Begin PBXProject section */
		7465C177260CA76E007BD5C0 /* Project object */ = {
			isa = PBXProject;
			attributes = {
				LastSwiftUpdateCheck = 1240;
				LastUpgradeCheck = 1240;
				TargetAttributes = {
					7465C17E260CA76E007BD5C0 = {
						CreatedOnToolsVersion = 12.4;
					};
				};
			};
			buildConfigurationList = 7465C17A260CA76E007BD5C0 /* Build configuration list for PBXProject "Project Africa" */;
			compatibilityVersion = "Xcode 9.3";
			developmentRegion = en;
			hasScannedForEncodings = 0;
			knownRegions = (
				en,
				Base,
			);
			mainGroup = 7465C176260CA76E007BD5C0;
			productRefGroup = 7465C180260CA76E007BD5C0 /* Products */;
			projectDirPath = "";
			projectRoot = "";
			targets = (
				7465C17E260CA76E007BD5C0 /* Project Africa */,
			);
		};
/* End PBXProject section */

/* Begin PBXResourcesBuildPhase section */
		7465C17D260CA76E007BD5C0 /* Resources */ = {
			isa = PBXResourcesBuildPhase;
			buildActionMask = 2147483647;
			files = (
				7465C1AF260CAB01007BD5C0 /* animals.json in Resources */,
				7465C1AD260CAB01007BD5C0 /* covers.json in Resources */,
				7465C1B0260CAB01007BD5C0 /* locations.json in Resources */,
				7465C1A2260CAABD007BD5C0 /* hippo.mp4 in Resources */,
				7465C19E260CAABD007BD5C0 /* rhino.mp4 in Resources */,
				7465C1AE260CAB01007BD5C0 /* videos.json in Resources */,
				7465C1A0260CAABD007BD5C0 /* lion.mp4 in Resources */,
				7465C18A260CA770007BD5C0 /* Preview Assets.xcassets in Resources */,
				7465C1A6260CAABD007BD5C0 /* zebra.mp4 in Resources */,
				7465C19D260CAABD007BD5C0 /* gorilla.mp4 in Resources */,
				7465C19F260CAABD007BD5C0 /* elephant.mp4 in Resources */,
				7465C187260CA770007BD5C0 /* Assets.xcassets in Resources */,
				7465C1A4260CAABD007BD5C0 /* lioness.mp4 in Resources */,
				7465C1A1260CAABD007BD5C0 /* cheetah.mp4 in Resources */,
				7465C1A3260CAABD007BD5C0 /* giraffe.mp4 in Resources */,
				7465C1A5260CAABD007BD5C0 /* ostrich.mp4 in Resources */,
			);
			runOnlyForDeploymentPostprocessing = 0;
		};
/* End PBXResourcesBuildPhase section */

/* Begin PBXSourcesBuildPhase section */
		7465C17B260CA76E007BD5C0 /* Sources */ = {
			isa = PBXSourcesBuildPhase;
			buildActionMask = 2147483647;
			files = (
				7465C185260CA76E007BD5C0 /* ContentView.swift in Sources */,
				743036162613D459005C3B20 /* AnimalListItemView.swift in Sources */,
				7465C1BE260CAF4C007BD5C0 /* MainView.swift in Sources */,
				7465C1C3260CB5B3007BD5C0 /* CoverImageView.swift in Sources */,
				7465C1C7260CBC99007BD5C0 /* CoverImageModel.swift in Sources */,
				7430361C2613D8E4005C3B20 /* AnimalDetailView.swift in Sources */,
				743036192613D5C5005C3B20 /* AnimalModel.swift in Sources */,
				7465C1B8260CAF25007BD5C0 /* MapView.swift in Sources */,
				7465C183260CA76E007BD5C0 /* Project_AfricaApp.swift in Sources */,
				7465C1B5260CAF0A007BD5C0 /* VideoListView.swift in Sources */,
				7465C1BB260CAF37007BD5C0 /* GalleryView.swift in Sources */,
				743036222613DBF1005C3B20 /* InsetGalleryView.swift in Sources */,
				746630FD260DAE5B0029BFF7 /* CodableBundleExtension.swift in Sources */,
				7430361F2613DADB005C3B20 /* HeadingView.swift in Sources */,
			);
			runOnlyForDeploymentPostprocessing = 0;
		};
/* End PBXSourcesBuildPhase section */

/* Begin XCBuildConfiguration section */
		7465C18C260CA770007BD5C0 /* Debug */ = {
			isa = XCBuildConfiguration;
			buildSettings = {
				ALWAYS_SEARCH_USER_PATHS = NO;
				CLANG_ANALYZER_NONNULL = YES;
				CLANG_ANALYZER_NUMBER_OBJECT_CONVERSION = YES_AGGRESSIVE;
				CLANG_CXX_LANGUAGE_STANDARD = "gnu++14";
				CLANG_CXX_LIBRARY = "libc++";
				CLANG_ENABLE_MODULES = YES;
				CLANG_ENABLE_OBJC_ARC = YES;
				CLANG_ENABLE_OBJC_WEAK = YES;
				CLANG_WARN_BLOCK_CAPTURE_AUTORELEASING = YES;
				CLANG_WARN_BOOL_CONVERSION = YES;
				CLANG_WARN_COMMA = YES;
				CLANG_WARN_CONSTANT_CONVERSION = YES;
				CLANG_WARN_DEPRECATED_OBJC_IMPLEMENTATIONS = YES;
				CLANG_WARN_DIRECT_OBJC_ISA_USAGE = YES_ERROR;
				CLANG_WARN_DOCUMENTATION_COMMENTS = YES;
				CLANG_WARN_EMPTY_BODY = YES;
				CLANG_WARN_ENUM_CONVERSION = YES;
				CLANG_WARN_INFINITE_RECURSION = YES;
				CLANG_WARN_INT_CONVERSION = YES;
				CLANG_WARN_NON_LITERAL_NULL_CONVERSION = YES;
				CLANG_WARN_OBJC_IMPLICIT_RETAIN_SELF = YES;
				CLANG_WARN_OBJC_LITERAL_CONVERSION = YES;
				CLANG_WARN_OBJC_ROOT_CLASS = YES_ERROR;
				CLANG_WARN_QUOTED_INCLUDE_IN_FRAMEWORK_HEADER = YES;
				CLANG_WARN_RANGE_LOOP_ANALYSIS = YES;
				CLANG_WARN_STRICT_PROTOTYPES = YES;
				CLANG_WARN_SUSPICIOUS_MOVE = YES;
				CLANG_WARN_UNGUARDED_AVAILABILITY = YES_AGGRESSIVE;
				CLANG_WARN_UNREACHABLE_CODE = YES;
				CLANG_WARN__DUPLICATE_METHOD_MATCH = YES;
				COPY_PHASE_STRIP = NO;
				DEBUG_INFORMATION_FORMAT = dwarf;
				ENABLE_STRICT_OBJC_MSGSEND = YES;
				ENABLE_TESTABILITY = YES;
				GCC_C_LANGUAGE_STANDARD = gnu11;
				GCC_DYNAMIC_NO_PIC = NO;
				GCC_NO_COMMON_BLOCKS = YES;
				GCC_OPTIMIZATION_LEVEL = 0;
				GCC_PREPROCESSOR_DEFINITIONS = (
					"DEBUG=1",
					"$(inherited)",
				);
				GCC_WARN_64_TO_32_BIT_CONVERSION = YES;
				GCC_WARN_ABOUT_RETURN_TYPE = YES_ERROR;
				GCC_WARN_UNDECLARED_SELECTOR = YES;
				GCC_WARN_UNINITIALIZED_AUTOS = YES_AGGRESSIVE;
				GCC_WARN_UNUSED_FUNCTION = YES;
				GCC_WARN_UNUSED_VARIABLE = YES;
				IPHONEOS_DEPLOYMENT_TARGET = 14.4;
				MTL_ENABLE_DEBUG_INFO = INCLUDE_SOURCE;
				MTL_FAST_MATH = YES;
				ONLY_ACTIVE_ARCH = YES;
				SDKROOT = iphoneos;
				SWIFT_ACTIVE_COMPILATION_CONDITIONS = DEBUG;
				SWIFT_OPTIMIZATION_LEVEL = "-Onone";
			};
			name = Debug;
		};
		7465C18D260CA770007BD5C0 /* Release */ = {
			isa = XCBuildConfiguration;
			buildSettings = {
				ALWAYS_SEARCH_USER_PATHS = NO;
				CLANG_ANALYZER_NONNULL = YES;
				CLANG_ANALYZER_NUMBER_OBJECT_CONVERSION = YES_AGGRESSIVE;
				CLANG_CXX_LANGUAGE_STANDARD = "gnu++14";
				CLANG_CXX_LIBRARY = "libc++";
				CLANG_ENABLE_MODULES = YES;
				CLANG_ENABLE_OBJC_ARC = YES;
				CLANG_ENABLE_OBJC_WEAK = YES;
				CLANG_WARN_BLOCK_CAPTURE_AUTORELEASING = YES;
				CLANG_WARN_BOOL_CONVERSION = YES;
				CLANG_WARN_COMMA = YES;
				CLANG_WARN_CONSTANT_CONVERSION = YES;
				CLANG_WARN_DEPRECATED_OBJC_IMPLEMENTATIONS = YES;
				CLANG_WARN_DIRECT_OBJC_ISA_USAGE = YES_ERROR;
				CLANG_WARN_DOCUMENTATION_COMMENTS = YES;
				CLANG_WARN_EMPTY_BODY = YES;
				CLANG_WARN_ENUM_CONVERSION = YES;
				CLANG_WARN_INFINITE_RECURSION = YES;
				CLANG_WARN_INT_CONVERSION = YES;
				CLANG_WARN_NON_LITERAL_NULL_CONVERSION = YES;
				CLANG_WARN_OBJC_IMPLICIT_RETAIN_SELF = YES;
				CLANG_WARN_OBJC_LITERAL_CONVERSION = YES;
				CLANG_WARN_OBJC_ROOT_CLASS = YES_ERROR;
				CLANG_WARN_QUOTED_INCLUDE_IN_FRAMEWORK_HEADER = YES;
				CLANG_WARN_RANGE_LOOP_ANALYSIS = YES;
				CLANG_WARN_STRICT_PROTOTYPES = YES;
				CLANG_WARN_SUSPICIOUS_MOVE = YES;
				CLANG_WARN_UNGUARDED_AVAILABILITY = YES_AGGRESSIVE;
				CLANG_WARN_UNREACHABLE_CODE = YES;
				CLANG_WARN__DUPLICATE_METHOD_MATCH = YES;
				COPY_PHASE_STRIP = NO;
				DEBUG_INFORMATION_FORMAT = "dwarf-with-dsym";
				ENABLE_NS_ASSERTIONS = NO;
				ENABLE_STRICT_OBJC_MSGSEND = YES;
				GCC_C_LANGUAGE_STANDARD = gnu11;
				GCC_NO_COMMON_BLOCKS = YES;
				GCC_WARN_64_TO_32_BIT_CONVERSION = YES;
				GCC_WARN_ABOUT_RETURN_TYPE = YES_ERROR;
				GCC_WARN_UNDECLARED_SELECTOR = YES;
				GCC_WARN_UNINITIALIZED_AUTOS = YES_AGGRESSIVE;
				GCC_WARN_UNUSED_FUNCTION = YES;
				GCC_WARN_UNUSED_VARIABLE = YES;
				IPHONEOS_DEPLOYMENT_TARGET = 14.4;
				MTL_ENABLE_DEBUG_INFO = NO;
				MTL_FAST_MATH = YES;
				SDKROOT = iphoneos;
				SWIFT_COMPILATION_MODE = wholemodule;
				SWIFT_OPTIMIZATION_LEVEL = "-O";
				VALIDATE_PRODUCT = YES;
			};
			name = Release;
		};
		7465C18F260CA770007BD5C0 /* Debug */ = {
			isa = XCBuildConfiguration;
			buildSettings = {
				ASSETCATALOG_COMPILER_APPICON_NAME = AppIcon;
				ASSETCATALOG_COMPILER_GLOBAL_ACCENT_COLOR_NAME = AccentColor;
				CODE_SIGN_STYLE = Automatic;
				DEVELOPMENT_ASSET_PATHS = "\"Project Africa/Preview Content\"";
				ENABLE_PREVIEWS = YES;
				INFOPLIST_FILE = "Project Africa/Info.plist";
				IPHONEOS_DEPLOYMENT_TARGET = 14.0;
				LD_RUNPATH_SEARCH_PATHS = (
					"$(inherited)",
					"@executable_path/Frameworks",
				);
				PRODUCT_BUNDLE_IDENTIFIER = "com.emmanuelokonji.Project-Africa";
				PRODUCT_NAME = "$(TARGET_NAME)";
				SWIFT_VERSION = 5.0;
				TARGETED_DEVICE_FAMILY = "1,2";
			};
			name = Debug;
		};
		7465C190260CA770007BD5C0 /* Release */ = {
			isa = XCBuildConfiguration;
			buildSettings = {
				ASSETCATALOG_COMPILER_APPICON_NAME = AppIcon;
				ASSETCATALOG_COMPILER_GLOBAL_ACCENT_COLOR_NAME = AccentColor;
				CODE_SIGN_STYLE = Automatic;
				DEVELOPMENT_ASSET_PATHS = "\"Project Africa/Preview Content\"";
				ENABLE_PREVIEWS = YES;
				INFOPLIST_FILE = "Project Africa/Info.plist";
				IPHONEOS_DEPLOYMENT_TARGET = 14.0;
				LD_RUNPATH_SEARCH_PATHS = (
					"$(inherited)",
					"@executable_path/Frameworks",
				);
				PRODUCT_BUNDLE_IDENTIFIER = "com.emmanuelokonji.Project-Africa";
				PRODUCT_NAME = "$(TARGET_NAME)";
				SWIFT_VERSION = 5.0;
				TARGETED_DEVICE_FAMILY = "1,2";
			};
			name = Release;
		};
/* End XCBuildConfiguration section */

/* Begin XCConfigurationList section */
		7465C17A260CA76E007BD5C0 /* Build configuration list for PBXProject "Project Africa" */ = {
			isa = XCConfigurationList;
			buildConfigurations = (
				7465C18C260CA770007BD5C0 /* Debug */,
				7465C18D260CA770007BD5C0 /* Release */,
			);
			defaultConfigurationIsVisible = 0;
			defaultConfigurationName = Release;
		};
		7465C18E260CA770007BD5C0 /* Build configuration list for PBXNativeTarget "Project Africa" */ = {
			isa = XCConfigurationList;
			buildConfigurations = (
				7465C18F260CA770007BD5C0 /* Debug */,
				7465C190260CA770007BD5C0 /* Release */,
			);
			defaultConfigurationIsVisible = 0;
			defaultConfigurationName = Release;
		};
/* End XCConfigurationList section */
	};
	rootObject = 7465C177260CA76E007BD5C0 /* Project object */;
}
